
Microsoft Visual Studio Solution File, Format Version 12.00
# Visual Studio Version 16
VisualStudioVersion = 16.0.31025.194
MinimumVisualStudioVersion = 10.0.40219.1
Project("{FAE04EC0-301F-11D3-BF4B-00C04F79EFBC}") = "WpfAppPersonList", "WpfAppPersonList\WpfAppPersonList.csproj", "{C0AE94D7-127F-40F1-89D3-6A5833320466}"
EndProject
Global
	GlobalSection(SolutionConfigurationPlatforms) = preSolution
		Debug|Any CPU = Debug|Any CPU
		Release|Any CPU = Release|Any CPU
	EndGlobalSection
	GlobalSection(ProjectConfigurationPlatforms) = postSolution
		{C0AE94D7-127F-40F1-89D3-6A5833320466}.Debug|Any CPU.ActiveCfg = Debug|Any CPU
		{C0AE94D7-127F-40F1-89D3-6A5833320466}.Debug|Any CPU.Build.0 = Debug|Any CPU
		{C0AE94D7-127F-40F1-89D3-6A5833320466}.Release|Any CPU.ActiveCfg = Release|Any CPU
		{C0AE94D7-127F-40F1-89D3-6A5833320466}.Release|Any CPU.Build.0 = Release|Any CPU
	EndGlobalSection
	GlobalSection(SolutionProperties) = preSolution
		HideSolutionNode = FALSE
	EndGlobalSection
	GlobalSection(ExtensibilityGlobals) = postSolution
		SolutionGuid = {A6A85FB8-C867-47BC-852F-D88E466939C8}
	EndGlobalSection
EndGlobal
