
Microsoft Visual Studio Solution File, Format Version 12.00
# Visual Studio Version 16
VisualStudioVersion = 16.0.31105.61
MinimumVisualStudioVersion = 10.0.40219.1
Project("{FAE04EC0-301F-11D3-BF4B-00C04F79EFBC}") = "WcfServiceLibrary1", "WcfServiceLibrary1\WcfServiceLibrary1.csproj", "{6F8F0C13-F12C-4712-AE59-6CA842E34126}"
EndProject
Global
	GlobalSection(SolutionConfigurationPlatforms) = preSolution
		Debug|Any CPU = Debug|Any CPU
		Release|Any CPU = Release|Any CPU
	EndGlobalSection
	GlobalSection(ProjectConfigurationPlatforms) = postSolution
		{6F8F0C13-F12C-4712-AE59-6CA842E34126}.Debug|Any CPU.ActiveCfg = Debug|Any CPU
		{6F8F0C13-F12C-4712-AE59-6CA842E34126}.Debug|Any CPU.Build.0 = Debug|Any CPU
		{6F8F0C13-F12C-4712-AE59-6CA842E34126}.Release|Any CPU.ActiveCfg = Release|Any CPU
		{6F8F0C13-F12C-4712-AE59-6CA842E34126}.Release|Any CPU.Build.0 = Release|Any CPU
	EndGlobalSection
	GlobalSection(SolutionProperties) = preSolution
		HideSolutionNode = FALSE
	EndGlobalSection
	GlobalSection(ExtensibilityGlobals) = postSolution
		SolutionGuid = {B98A3127-700B-468E-BFE5-5BFCE7A559B6}
	EndGlobalSection
EndGlobal
