
Microsoft Visual Studio Solution File, Format Version 12.00
# Visual Studio Version 16
VisualStudioVersion = 16.0.30907.101
MinimumVisualStudioVersion = 10.0.40219.1
Project("{FAE04EC0-301F-11D3-BF4B-00C04F79EFBC}") = "ConsoleAppNumbersLinq", "ConsoleAppNumbersLinq\ConsoleAppNumbersLinq.csproj", "{91F1676C-3BAE-4227-8E06-921E81551FE0}"
EndProject
Global
	GlobalSection(SolutionConfigurationPlatforms) = preSolution
		Debug|Any CPU = Debug|Any CPU
		Release|Any CPU = Release|Any CPU
	EndGlobalSection
	GlobalSection(ProjectConfigurationPlatforms) = postSolution
		{91F1676C-3BAE-4227-8E06-921E81551FE0}.Debug|Any CPU.ActiveCfg = Debug|Any CPU
		{91F1676C-3BAE-4227-8E06-921E81551FE0}.Debug|Any CPU.Build.0 = Debug|Any CPU
		{91F1676C-3BAE-4227-8E06-921E81551FE0}.Release|Any CPU.ActiveCfg = Release|Any CPU
		{91F1676C-3BAE-4227-8E06-921E81551FE0}.Release|Any CPU.Build.0 = Release|Any CPU
	EndGlobalSection
	GlobalSection(SolutionProperties) = preSolution
		HideSolutionNode = FALSE
	EndGlobalSection
	GlobalSection(ExtensibilityGlobals) = postSolution
		SolutionGuid = {2FEEF33D-CDD4-4AD9-94FA-3C69C8C15271}
	EndGlobalSection
EndGlobal
