
Microsoft Visual Studio Solution File, Format Version 12.00
# Visual Studio Version 16
VisualStudioVersion = 16.0.30907.101
MinimumVisualStudioVersion = 10.0.40219.1
Project("{FAE04EC0-301F-11D3-BF4B-00C04F79EFBC}") = "WpfPeopleList", "WpfPeopleList\WpfPeopleList.csproj", "{CAAE16BE-7B4A-4EE4-AA33-051B29E2DF9F}"
EndProject
Global
	GlobalSection(SolutionConfigurationPlatforms) = preSolution
		Debug|Any CPU = Debug|Any CPU
		Release|Any CPU = Release|Any CPU
	EndGlobalSection
	GlobalSection(ProjectConfigurationPlatforms) = postSolution
		{CAAE16BE-7B4A-4EE4-AA33-051B29E2DF9F}.Debug|Any CPU.ActiveCfg = Debug|Any CPU
		{CAAE16BE-7B4A-4EE4-AA33-051B29E2DF9F}.Debug|Any CPU.Build.0 = Debug|Any CPU
		{CAAE16BE-7B4A-4EE4-AA33-051B29E2DF9F}.Release|Any CPU.ActiveCfg = Release|Any CPU
		{CAAE16BE-7B4A-4EE4-AA33-051B29E2DF9F}.Release|Any CPU.Build.0 = Release|Any CPU
	EndGlobalSection
	GlobalSection(SolutionProperties) = preSolution
		HideSolutionNode = FALSE
	EndGlobalSection
	GlobalSection(ExtensibilityGlobals) = postSolution
		SolutionGuid = {2CA60831-667F-4F3B-8A48-E17068DDBFF2}
	EndGlobalSection
EndGlobal
